{
  "version": 4,
  "terraform_version": "1.13.4",
  "serial": 96,
  "lineage": "582ef87a-df6a-f9f4-57dc-383e6c0d923b",
  "outputs": {},
  "resources": [
    {
      "mode": "managed",
      "type": "aws_vpc",
      "name": "main",
      "provider": "provider[\"registry.terraform.io/hashicorp/aws\"]",
      "instances": [
        {
          "schema_version": 1,
          "attributes": {
            "arn": "arn:aws:ec2:us-east-1:284027193896:vpc/vpc-00da860f75a36cc99",
            "assign_generated_ipv6_cidr_block": false,
            "cidr_block": "10.0.0.0/16",
            "default_network_acl_id": "acl-018feff3965a210f2",
            "default_route_table_id": "rtb-0f57c4df81ba001ea",
            "default_security_group_id": "sg-076c1de9b387ee951",
            "dhcp_options_id": "dopt-09ff7ce9f16853dff",
            "enable_dns_hostnames": true,
            "enable_dns_support": true,
            "enable_network_address_usage_metrics": false,
            "id": "vpc-00da860f75a36cc99",
            "instance_tenancy": "default",
            "ipv4_ipam_pool_id": null,
            "ipv4_netmask_length": null,
            "ipv6_association_id": "",
            "ipv6_cidr_block": "",
            "ipv6_cidr_block_network_border_group": "",
            "ipv6_ipam_pool_id": "",
            "ipv6_netmask_length": 0,
            "main_route_table_id": "rtb-0f57c4df81ba001ea",
            "owner_id": "284027193896",
            "region": "us-east-1",
            "tags": {
              "Name": "ecommerce-microservice-project-vpc"
            },
            "tags_all": {
              "Name": "ecommerce-microservice-project-vpc"
            }
          },
          "sensitive_attributes": [],
          "identity_schema_version": 0,
          "identity": {
            "account_id": "284027193896",
            "id": "vpc-00da860f75a36cc99",
            "region": "us-east-1"
          },
          "private": "eyJzY2hlbWFfdmVyc2lvbiI6IjEifQ=="
        }
      ]
    }
  ],
  "check_results": null
}
